
Microsoft Visual Studio Solution File, Format Version 12.00
# Visual Studio Version 17
VisualStudioVersion = 17.4.33122.133
MinimumVisualStudioVersion = 10.0.40219.1
Project("{FAE04EC0-301F-11D3-BF4B-00C04F79EFBC}") = "E-commerce", "E-commerce\E-commerce.csproj", "{8DCCF9B7-1AF3-4507-9F72-3EE28A144ED4}"
EndProject
Global
	GlobalSection(SolutionConfigurationPlatforms) = preSolution
		Debug|Any CPU = Debug|Any CPU
		Release|Any CPU = Release|Any CPU
	EndGlobalSection
	GlobalSection(ProjectConfigurationPlatforms) = postSolution
		{8DCCF9B7-1AF3-4507-9F72-3EE28A144ED4}.Debug|Any CPU.ActiveCfg = Debug|Any CPU
		{8DCCF9B7-1AF3-4507-9F72-3EE28A144ED4}.Debug|Any CPU.Build.0 = Debug|Any CPU
		{8DCCF9B7-1AF3-4507-9F72-3EE28A144ED4}.Release|Any CPU.ActiveCfg = Release|Any CPU
		{8DCCF9B7-1AF3-4507-9F72-3EE28A144ED4}.Release|Any CPU.Build.0 = Release|Any CPU
	EndGlobalSection
	GlobalSection(SolutionProperties) = preSolution
		HideSolutionNode = FALSE
	EndGlobalSection
	GlobalSection(ExtensibilityGlobals) = postSolution
		SolutionGuid = {300F3187-9554-4D2E-B374-C2D12085F18A}
	EndGlobalSection
EndGlobal
